// !$*UTF8*$!
{
	archiveVersion = 1;
	classes = {
	};
	objectVersion = 56;
	objects = {

/* Begin PBXBuildFile section */
		770F24F3292D04CA005E31AB /* ShoppingAppApp.swift in Sources */ = {isa = PBXBuildFile; fileRef = 770F24F2292D04CA005E31AB /* ShoppingAppApp.swift */; };
		770F24F5292D04CA005E31AB /* ContentView.swift in Sources */ = {isa = PBXBuildFile; fileRef = 770F24F4292D04CA005E31AB /* ContentView.swift */; };
		770F24F7292D04CB005E31AB /* Assets.xcassets in Resources */ = {isa = PBXBuildFile; fileRef = 770F24F6292D04CB005E31AB /* Assets.xcassets */; };
		770F24FA292D04CB005E31AB /* Preview Assets.xcassets in Resources */ = {isa = PBXBuildFile; fileRef = 770F24F9292D04CB005E31AB /* Preview Assets.xcassets */; };
		770F2501292D0744005E31AB /* OnBoardingScreenView.swift in Sources */ = {isa = PBXBuildFile; fileRef = 770F2500292D0744005E31AB /* OnBoardingScreenView.swift */; };
		770F2504292D077D005E31AB /* HomeScreen.swift in Sources */ = {isa = PBXBuildFile; fileRef = 770F2503292D077D005E31AB /* HomeScreen.swift */; };
		770F2507292D0FFE005E31AB /* ImageData.swift in Sources */ = {isa = PBXBuildFile; fileRef = 770F2506292D0FFE005E31AB /* ImageData.swift */; };
		770F2509292D1014005E31AB /* NearYourData.swift in Sources */ = {isa = PBXBuildFile; fileRef = 770F2508292D1014005E31AB /* NearYourData.swift */; };
		770F250B292D11CC005E31AB /* FruitCardView.swift in Sources */ = {isa = PBXBuildFile; fileRef = 770F250A292D11CC005E31AB /* FruitCardView.swift */; };
		770F250D292D54A6005E31AB /* DetailsView.swift in Sources */ = {isa = PBXBuildFile; fileRef = 770F250C292D54A6005E31AB /* DetailsView.swift */; };
		770F250F292D54DB005E31AB /* TopSellingView.swift in Sources */ = {isa = PBXBuildFile; fileRef = 770F250E292D54DB005E31AB /* TopSellingView.swift */; };
		770F2511292D7A67005E31AB /* NearYouView.swift in Sources */ = {isa = PBXBuildFile; fileRef = 770F2510292D7A67005E31AB /* NearYouView.swift */; };
/* End PBXBuildFile section */

/* Begin PBXFileReference section */
		770F24EF292D04CA005E31AB /* ShoppingApp.app */ = {isa = PBXFileReference; explicitFileType = wrapper.application; includeInIndex = 0; path = ShoppingApp.app; sourceTree = BUILT_PRODUCTS_DIR; };
		770F24F2292D04CA005E31AB /* ShoppingAppApp.swift */ = {isa = PBXFileReference; lastKnownFileType = sourcecode.swift; path = ShoppingAppApp.swift; sourceTree = "<group>"; };
		770F24F4292D04CA005E31AB /* ContentView.swift */ = {isa = PBXFileReference; lastKnownFileType = sourcecode.swift; path = ContentView.swift; sourceTree = "<group>"; };
		770F24F6292D04CB005E31AB /* Assets.xcassets */ = {isa = PBXFileReference; lastKnownFileType = folder.assetcatalog; path = Assets.xcassets; sourceTree = "<group>"; };
		770F24F9292D04CB005E31AB /* Preview Assets.xcassets */ = {isa = PBXFileReference; lastKnownFileType = folder.assetcatalog; path = "Preview Assets.xcassets"; sourceTree = "<group>"; };
		770F2500292D0744005E31AB /* OnBoardingScreenView.swift */ = {isa = PBXFileReference; lastKnownFileType = sourcecode.swift; path = OnBoardingScreenView.swift; sourceTree = "<group>"; };
		770F2503292D077D005E31AB /* HomeScreen.swift */ = {isa = PBXFileReference; lastKnownFileType = sourcecode.swift; path = HomeScreen.swift; sourceTree = "<group>"; };
		770F2506292D0FFE005E31AB /* ImageData.swift */ = {isa = PBXFileReference; lastKnownFileType = sourcecode.swift; path = ImageData.swift; sourceTree = "<group>"; };
		770F2508292D1014005E31AB /* NearYourData.swift */ = {isa = PBXFileReference; lastKnownFileType = sourcecode.swift; path = NearYourData.swift; sourceTree = "<group>"; };
		770F250A292D11CC005E31AB /* FruitCardView.swift */ = {isa = PBXFileReference; lastKnownFileType = sourcecode.swift; path = FruitCardView.swift; sourceTree = "<group>"; };
		770F250C292D54A6005E31AB /* DetailsView.swift */ = {isa = PBXFileReference; lastKnownFileType = sourcecode.swift; path = DetailsView.swift; sourceTree = "<group>"; };
		770F250E292D54DB005E31AB /* TopSellingView.swift */ = {isa = PBXFileReference; lastKnownFileType = sourcecode.swift; path = TopSellingView.swift; sourceTree = "<group>"; };
		770F2510292D7A67005E31AB /* NearYouView.swift */ = {isa = PBXFileReference; lastKnownFileType = sourcecode.swift; path = NearYouView.swift; sourceTree = "<group>"; };
/* End PBXFileReference section */

/* Begin PBXFrameworksBuildPhase section */
		770F24EC292D04CA005E31AB /* Frameworks */ = {
			isa = PBXFrameworksBuildPhase;
			buildActionMask = 2147483647;
			files = (
			);
			runOnlyForDeploymentPostprocessing = 0;
		};
/* End PBXFrameworksBuildPhase section */

/* Begin PBXGroup section */
		770F24E6292D04CA005E31AB = {
			isa = PBXGroup;
			children = (
				770F24F1292D04CA005E31AB /* ShoppingApp */,
				770F24F0292D04CA005E31AB /* Products */,
			);
			sourceTree = "<group>";
		};
		770F24F0292D04CA005E31AB /* Products */ = {
			isa = PBXGroup;
			children = (
				770F24EF292D04CA005E31AB /* ShoppingApp.app */,
			);
			name = Products;
			sourceTree = "<group>";
		};
		770F24F1292D04CA005E31AB /* ShoppingApp */ = {
			isa = PBXGroup;
			children = (
				770F2505292D0FDD005E31AB /* Model */,
				770F2502292D0757005E31AB /* HomeScreenViews */,
				770F24F2292D04CA005E31AB /* ShoppingAppApp.swift */,
				770F24F4292D04CA005E31AB /* ContentView.swift */,
				770F2500292D0744005E31AB /* OnBoardingScreenView.swift */,
				770F24F6292D04CB005E31AB /* Assets.xcassets */,
				770F24F8292D04CB005E31AB /* Preview Content */,
			);
			path = ShoppingApp;
			sourceTree = "<group>";
		};
		770F24F8292D04CB005E31AB /* Preview Content */ = {
			isa = PBXGroup;
			children = (
				770F24F9292D04CB005E31AB /* Preview Assets.xcassets */,
			);
			path = "Preview Content";
			sourceTree = "<group>";
		};
		770F2502292D0757005E31AB /* HomeScreenViews */ = {
			isa = PBXGroup;
			children = (
				770F2503292D077D005E31AB /* HomeScreen.swift */,
				770F250A292D11CC005E31AB /* FruitCardView.swift */,
				770F250C292D54A6005E31AB /* DetailsView.swift */,
				770F250E292D54DB005E31AB /* TopSellingView.swift */,
				770F2510292D7A67005E31AB /* NearYouView.swift */,
			);
			path = HomeScreenViews;
			sourceTree = "<group>";
		};
		770F2505292D0FDD005E31AB /* Model */ = {
			isa = PBXGroup;
			children = (
				770F2506292D0FFE005E31AB /* ImageData.swift */,
				770F2508292D1014005E31AB /* NearYourData.swift */,
			);
			path = Model;
			sourceTree = "<group>";
		};
/* End PBXGroup section */

/* Begin PBXNativeTarget section */
		770F24EE292D04CA005E31AB /* ShoppingApp */ = {
			isa = PBXNativeTarget;
			buildConfigurationList = 770F24FD292D04CB005E31AB /* Build configuration list for PBXNativeTarget "ShoppingApp" */;
			buildPhases = (
				770F24EB292D04CA005E31AB /* Sources */,
				770F24EC292D04CA005E31AB /* Frameworks */,
				770F24ED292D04CA005E31AB /* Resources */,
			);
			buildRules = (
			);
			dependencies = (
			);
			name = ShoppingApp;
			productName = ShoppingApp;
			productReference = 770F24EF292D04CA005E31AB /* ShoppingApp.app */;
			productType = "com.apple.product-type.application";
		};
/* End PBXNativeTarget section */

/* Begin PBXProject section */
		770F24E7292D04CA005E31AB /* Project object */ = {
			isa = PBXProject;
			attributes = {
				BuildIndependentTargetsInParallel = 1;
				LastSwiftUpdateCheck = 1410;
				LastUpgradeCheck = 1410;
				TargetAttributes = {
					770F24EE292D04CA005E31AB = {
						CreatedOnToolsVersion = 14.1;
					};
				};
			};
			buildConfigurationList = 770F24EA292D04CA005E31AB /* Build configuration list for PBXProject "ShoppingApp" */;
			compatibilityVersion = "Xcode 14.0";
			developmentRegion = en;
			hasScannedForEncodings = 0;
			knownRegions = (
				en,
				Base,
			);
			mainGroup = 770F24E6292D04CA005E31AB;
			productRefGroup = 770F24F0292D04CA005E31AB /* Products */;
			projectDirPath = "";
			projectRoot = "";
			targets = (
				770F24EE292D04CA005E31AB /* ShoppingApp */,
			);
		};
/* End PBXProject section */

/* Begin PBXResourcesBuildPhase section */
		770F24ED292D04CA005E31AB /* Resources */ = {
			isa = PBXResourcesBuildPhase;
			buildActionMask = 2147483647;
			files = (
				770F24FA292D04CB005E31AB /* Preview Assets.xcassets in Resources */,
				770F24F7292D04CB005E31AB /* Assets.xcassets in Resources */,
			);
			runOnlyForDeploymentPostprocessing = 0;
		};
/* End PBXResourcesBuildPhase section */

/* Begin PBXSourcesBuildPhase section */
		770F24EB292D04CA005E31AB /* Sources */ = {
			isa = PBXSourcesBuildPhase;
			buildActionMask = 2147483647;
			files = (
				770F2504292D077D005E31AB /* HomeScreen.swift in Sources */,
				770F2501292D0744005E31AB /* OnBoardingScreenView.swift in Sources */,
				770F250F292D54DB005E31AB /* TopSellingView.swift in Sources */,
				770F2509292D1014005E31AB /* NearYourData.swift in Sources */,
				770F24F5292D04CA005E31AB /* ContentView.swift in Sources */,
				770F250B292D11CC005E31AB /* FruitCardView.swift in Sources */,
				770F2511292D7A67005E31AB /* NearYouView.swift in Sources */,
				770F250D292D54A6005E31AB /* DetailsView.swift in Sources */,
				770F2507292D0FFE005E31AB /* ImageData.swift in Sources */,
				770F24F3292D04CA005E31AB /* ShoppingAppApp.swift in Sources */,
			);
			runOnlyForDeploymentPostprocessing = 0;
		};
/* End PBXSourcesBuildPhase section */

/* Begin XCBuildConfiguration section */
		770F24FB292D04CB005E31AB /* Debug */ = {
			isa = XCBuildConfiguration;
			buildSettings = {
				ALWAYS_SEARCH_USER_PATHS = NO;
				CLANG_ANALYZER_NONNULL = YES;
				CLANG_ANALYZER_NUMBER_OBJECT_CONVERSION = YES_AGGRESSIVE;
				CLANG_CXX_LANGUAGE_STANDARD = "gnu++20";
				CLANG_ENABLE_MODULES = YES;
				CLANG_ENABLE_OBJC_ARC = YES;
				CLANG_ENABLE_OBJC_WEAK = YES;
				CLANG_WARN_BLOCK_CAPTURE_AUTORELEASING = YES;
				CLANG_WARN_BOOL_CONVERSION = YES;
				CLANG_WARN_COMMA = YES;
				CLANG_WARN_CONSTANT_CONVERSION = YES;
				CLANG_WARN_DEPRECATED_OBJC_IMPLEMENTATIONS = YES;
				CLANG_WARN_DIRECT_OBJC_ISA_USAGE = YES_ERROR;
				CLANG_WARN_DOCUMENTATION_COMMENTS = YES;
				CLANG_WARN_EMPTY_BODY = YES;
				CLANG_WARN_ENUM_CONVERSION = YES;
				CLANG_WARN_INFINITE_RECURSION = YES;
				CLANG_WARN_INT_CONVERSION = YES;
				CLANG_WARN_NON_LITERAL_NULL_CONVERSION = YES;
				CLANG_WARN_OBJC_IMPLICIT_RETAIN_SELF = YES;
				CLANG_WARN_OBJC_LITERAL_CONVERSION = YES;
				CLANG_WARN_OBJC_ROOT_CLASS = YES_ERROR;
				CLANG_WARN_QUOTED_INCLUDE_IN_FRAMEWORK_HEADER = YES;
				CLANG_WARN_RANGE_LOOP_ANALYSIS = YES;
				CLANG_WARN_STRICT_PROTOTYPES = YES;
				CLANG_WARN_SUSPICIOUS_MOVE = YES;
				CLANG_WARN_UNGUARDED_AVAILABILITY = YES_AGGRESSIVE;
				CLANG_WARN_UNREACHABLE_CODE = YES;
				CLANG_WARN__DUPLICATE_METHOD_MATCH = YES;
				COPY_PHASE_STRIP = NO;
				DEBUG_INFORMATION_FORMAT = dwarf;
				ENABLE_STRICT_OBJC_MSGSEND = YES;
				ENABLE_TESTABILITY = YES;
				GCC_C_LANGUAGE_STANDARD = gnu11;
				GCC_DYNAMIC_NO_PIC = NO;
				GCC_NO_COMMON_BLOCKS = YES;
				GCC_OPTIMIZATION_LEVEL = 0;
				GCC_PREPROCESSOR_DEFINITIONS = (
					"DEBUG=1",
					"$(inherited)",
				);
				GCC_WARN_64_TO_32_BIT_CONVERSION = YES;
				GCC_WARN_ABOUT_RETURN_TYPE = YES_ERROR;
				GCC_WARN_UNDECLARED_SELECTOR = YES;
				GCC_WARN_UNINITIALIZED_AUTOS = YES_AGGRESSIVE;
				GCC_WARN_UNUSED_FUNCTION = YES;
				GCC_WARN_UNUSED_VARIABLE = YES;
				IPHONEOS_DEPLOYMENT_TARGET = 16.1;
				MTL_ENABLE_DEBUG_INFO = INCLUDE_SOURCE;
				MTL_FAST_MATH = YES;
				ONLY_ACTIVE_ARCH = YES;
				SDKROOT = iphoneos;
				SWIFT_ACTIVE_COMPILATION_CONDITIONS = DEBUG;
				SWIFT_OPTIMIZATION_LEVEL = "-Onone";
			};
			name = Debug;
		};
		770F24FC292D04CB005E31AB /* Release */ = {
			isa = XCBuildConfiguration;
			buildSettings = {
				ALWAYS_SEARCH_USER_PATHS = NO;
				CLANG_ANALYZER_NONNULL = YES;
				CLANG_ANALYZER_NUMBER_OBJECT_CONVERSION = YES_AGGRESSIVE;
				CLANG_CXX_LANGUAGE_STANDARD = "gnu++20";
				CLANG_ENABLE_MODULES = YES;
				CLANG_ENABLE_OBJC_ARC = YES;
				CLANG_ENABLE_OBJC_WEAK = YES;
				CLANG_WARN_BLOCK_CAPTURE_AUTORELEASING = YES;
				CLANG_WARN_BOOL_CONVERSION = YES;
				CLANG_WARN_COMMA = YES;
				CLANG_WARN_CONSTANT_CONVERSION = YES;
				CLANG_WARN_DEPRECATED_OBJC_IMPLEMENTATIONS = YES;
				CLANG_WARN_DIRECT_OBJC_ISA_USAGE = YES_ERROR;
				CLANG_WARN_DOCUMENTATION_COMMENTS = YES;
				CLANG_WARN_EMPTY_BODY = YES;
				CLANG_WARN_ENUM_CONVERSION = YES;
				CLANG_WARN_INFINITE_RECURSION = YES;
				CLANG_WARN_INT_CONVERSION = YES;
				CLANG_WARN_NON_LITERAL_NULL_CONVERSION = YES;
				CLANG_WARN_OBJC_IMPLICIT_RETAIN_SELF = YES;
				CLANG_WARN_OBJC_LITERAL_CONVERSION = YES;
				CLANG_WARN_OBJC_ROOT_CLASS = YES_ERROR;
				CLANG_WARN_QUOTED_INCLUDE_IN_FRAMEWORK_HEADER = YES;
				CLANG_WARN_RANGE_LOOP_ANALYSIS = YES;
				CLANG_WARN_STRICT_PROTOTYPES = YES;
				CLANG_WARN_SUSPICIOUS_MOVE = YES;
				CLANG_WARN_UNGUARDED_AVAILABILITY = YES_AGGRESSIVE;
				CLANG_WARN_UNREACHABLE_CODE = YES;
				CLANG_WARN__DUPLICATE_METHOD_MATCH = YES;
				COPY_PHASE_STRIP = NO;
				DEBUG_INFORMATION_FORMAT = "dwarf-with-dsym";
				ENABLE_NS_ASSERTIONS = NO;
				ENABLE_STRICT_OBJC_MSGSEND = YES;
				GCC_C_LANGUAGE_STANDARD = gnu11;
				GCC_NO_COMMON_BLOCKS = YES;
				GCC_WARN_64_TO_32_BIT_CONVERSION = YES;
				GCC_WARN_ABOUT_RETURN_TYPE = YES_ERROR;
				GCC_WARN_UNDECLARED_SELECTOR = YES;
				GCC_WARN_UNINITIALIZED_AUTOS = YES_AGGRESSIVE;
				GCC_WARN_UNUSED_FUNCTION = YES;
				GCC_WARN_UNUSED_VARIABLE = YES;
				IPHONEOS_DEPLOYMENT_TARGET = 16.1;
				MTL_ENABLE_DEBUG_INFO = NO;
				MTL_FAST_MATH = YES;
				SDKROOT = iphoneos;
				SWIFT_COMPILATION_MODE = wholemodule;
				SWIFT_OPTIMIZATION_LEVEL = "-O";
				VALIDATE_PRODUCT = YES;
			};
			name = Release;
		};
		770F24FE292D04CB005E31AB /* Debug */ = {
			isa = XCBuildConfiguration;
			buildSettings = {
				ASSETCATALOG_COMPILER_APPICON_NAME = AppIcon;
				ASSETCATALOG_COMPILER_GLOBAL_ACCENT_COLOR_NAME = AccentColor;
				CODE_SIGN_STYLE = Automatic;
				CURRENT_PROJECT_VERSION = 1;
				DEVELOPMENT_ASSET_PATHS = "\"ShoppingApp/Preview Content\"";
				DEVELOPMENT_TEAM = R5KCJK23K5;
				ENABLE_PREVIEWS = YES;
				GENERATE_INFOPLIST_FILE = YES;
				INFOPLIST_KEY_UIApplicationSceneManifest_Generation = YES;
				INFOPLIST_KEY_UIApplicationSupportsIndirectInputEvents = YES;
				INFOPLIST_KEY_UILaunchScreen_Generation = YES;
				INFOPLIST_KEY_UISupportedInterfaceOrientations_iPad = "UIInterfaceOrientationPortrait UIInterfaceOrientationPortraitUpsideDown UIInterfaceOrientationLandscapeLeft UIInterfaceOrientationLandscapeRight";
				INFOPLIST_KEY_UISupportedInterfaceOrientations_iPhone = "UIInterfaceOrientationPortrait UIInterfaceOrientationLandscapeLeft UIInterfaceOrientationLandscapeRight";
				LD_RUNPATH_SEARCH_PATHS = (
					"$(inherited)",
					"@executable_path/Frameworks",
				);
				MARKETING_VERSION = 1.0;
				PRODUCT_BUNDLE_IDENTIFIER = Globant.ShoppingApp;
				PRODUCT_NAME = "$(TARGET_NAME)";
				SWIFT_EMIT_LOC_STRINGS = YES;
				SWIFT_VERSION = 5.0;
				TARGETED_DEVICE_FAMILY = "1,2";
			};
			name = Debug;
		};
		770F24FF292D04CB005E31AB /* Release */ = {
			isa = XCBuildConfiguration;
			buildSettings = {
				ASSETCATALOG_COMPILER_APPICON_NAME = AppIcon;
				ASSETCATALOG_COMPILER_GLOBAL_ACCENT_COLOR_NAME = AccentColor;
				CODE_SIGN_STYLE = Automatic;
				CURRENT_PROJECT_VERSION = 1;
				DEVELOPMENT_ASSET_PATHS = "\"ShoppingApp/Preview Content\"";
				DEVELOPMENT_TEAM = R5KCJK23K5;
				ENABLE_PREVIEWS = YES;
				GENERATE_INFOPLIST_FILE = YES;
				INFOPLIST_KEY_UIApplicationSceneManifest_Generation = YES;
				INFOPLIST_KEY_UIApplicationSupportsIndirectInputEvents = YES;
				INFOPLIST_KEY_UILaunchScreen_Generation = YES;
				INFOPLIST_KEY_UISupportedInterfaceOrientations_iPad = "UIInterfaceOrientationPortrait UIInterfaceOrientationPortraitUpsideDown UIInterfaceOrientationLandscapeLeft UIInterfaceOrientationLandscapeRight";
				INFOPLIST_KEY_UISupportedInterfaceOrientations_iPhone = "UIInterfaceOrientationPortrait UIInterfaceOrientationLandscapeLeft UIInterfaceOrientationLandscapeRight";
				LD_RUNPATH_SEARCH_PATHS = (
					"$(inherited)",
					"@executable_path/Frameworks",
				);
				MARKETING_VERSION = 1.0;
				PRODUCT_BUNDLE_IDENTIFIER = Globant.ShoppingApp;
				PRODUCT_NAME = "$(TARGET_NAME)";
				SWIFT_EMIT_LOC_STRINGS = YES;
				SWIFT_VERSION = 5.0;
				TARGETED_DEVICE_FAMILY = "1,2";
			};
			name = Release;
		};
/* End XCBuildConfiguration section */

/* Begin XCConfigurationList section */
		770F24EA292D04CA005E31AB /* Build configuration list for PBXProject "ShoppingApp" */ = {
			isa = XCConfigurationList;
			buildConfigurations = (
				770F24FB292D04CB005E31AB /* Debug */,
				770F24FC292D04CB005E31AB /* Release */,
			);
			defaultConfigurationIsVisible = 0;
			defaultConfigurationName = Release;
		};
		770F24FD292D04CB005E31AB /* Build configuration list for PBXNativeTarget "ShoppingApp" */ = {
			isa = XCConfigurationList;
			buildConfigurations = (
				770F24FE292D04CB005E31AB /* Debug */,
				770F24FF292D04CB005E31AB /* Release */,
			);
			defaultConfigurationIsVisible = 0;
			defaultConfigurationName = Release;
		};
/* End XCConfigurationList section */
	};
	rootObject = 770F24E7292D04CA005E31AB /* Project object */;
}
